
Microsoft Visual Studio Solution File, Format Version 12.00
# Visual Studio 2013
VisualStudioVersion = 12.0.21005.1
MinimumVisualStudioVersion = 10.0.40219.1
Project("{FAE04EC0-301F-11D3-BF4B-00C04F79EFBC}") = "ONLINE_SHOPPING.BO", "ONLINE_SHOPPING.BO\ONLINE_SHOPPING.BO.csproj", "{288FF6AF-C83C-4134-A297-2E7ADFF4B848}"
EndProject
Project("{FAE04EC0-301F-11D3-BF4B-00C04F79EFBC}") = "ONLINE_SHOPPING.FO", "ONLINE_SHOPPING.FO\ONLINE_SHOPPING.FO.csproj", "{8A9DF5EF-1444-4A61-BD0D-D5C173B4D3DD}"
EndProject
Project("{FAE04EC0-301F-11D3-BF4B-00C04F79EFBC}") = "ONLINE_SHOPPING.DAL", "ONLINE_SHOPPING.DAL\ONLINE_SHOPPING.DAL.csproj", "{AAAF97E6-86C9-41A9-B582-5D5173E3A4FE}"
EndProject
Project("{FAE04EC0-301F-11D3-BF4B-00C04F79EFBC}") = "ONLINE_SHOPPING.BUSINESS", "ONLINE_SHOPPING.BUSINESS\ONLINE_SHOPPING.BUSINESS.csproj", "{62E4E5B2-3664-4DB1-944D-DA56B2654F82}"
EndProject
Project("{FAE04EC0-301F-11D3-BF4B-00C04F79EFBC}") = "ONLINE_SHOPPING.ENTITIES", "ONLINE_SHOPPING.ENTITIES\ONLINE_SHOPPING.ENTITIES.csproj", "{10F79934-FB3E-49C5-B926-0F1DA8A596D6}"
EndProject
Project("{FAE04EC0-301F-11D3-BF4B-00C04F79EFBC}") = "ONLINE_SHOPPING.APIs", "ONLINE_SHOPPING.APIs\ONLINE_SHOPPING.APIs.csproj", "{4553A67B-47F1-4D9E-9D87-B227F2B485AF}"
EndProject
Global
	GlobalSection(SolutionConfigurationPlatforms) = preSolution
		Debug|Any CPU = Debug|Any CPU
		Release|Any CPU = Release|Any CPU
	EndGlobalSection
	GlobalSection(ProjectConfigurationPlatforms) = postSolution
		{288FF6AF-C83C-4134-A297-2E7ADFF4B848}.Debug|Any CPU.ActiveCfg = Debug|Any CPU
		{288FF6AF-C83C-4134-A297-2E7ADFF4B848}.Debug|Any CPU.Build.0 = Debug|Any CPU
		{288FF6AF-C83C-4134-A297-2E7ADFF4B848}.Release|Any CPU.ActiveCfg = Release|Any CPU
		{288FF6AF-C83C-4134-A297-2E7ADFF4B848}.Release|Any CPU.Build.0 = Release|Any CPU
		{8A9DF5EF-1444-4A61-BD0D-D5C173B4D3DD}.Debug|Any CPU.ActiveCfg = Debug|Any CPU
		{8A9DF5EF-1444-4A61-BD0D-D5C173B4D3DD}.Debug|Any CPU.Build.0 = Debug|Any CPU
		{8A9DF5EF-1444-4A61-BD0D-D5C173B4D3DD}.Release|Any CPU.ActiveCfg = Release|Any CPU
		{8A9DF5EF-1444-4A61-BD0D-D5C173B4D3DD}.Release|Any CPU.Build.0 = Release|Any CPU
		{AAAF97E6-86C9-41A9-B582-5D5173E3A4FE}.Debug|Any CPU.ActiveCfg = Debug|Any CPU
		{AAAF97E6-86C9-41A9-B582-5D5173E3A4FE}.Debug|Any CPU.Build.0 = Debug|Any CPU
		{AAAF97E6-86C9-41A9-B582-5D5173E3A4FE}.Release|Any CPU.ActiveCfg = Release|Any CPU
		{AAAF97E6-86C9-41A9-B582-5D5173E3A4FE}.Release|Any CPU.Build.0 = Release|Any CPU
		{62E4E5B2-3664-4DB1-944D-DA56B2654F82}.Debug|Any CPU.ActiveCfg = Debug|Any CPU
		{62E4E5B2-3664-4DB1-944D-DA56B2654F82}.Debug|Any CPU.Build.0 = Debug|Any CPU
		{62E4E5B2-3664-4DB1-944D-DA56B2654F82}.Release|Any CPU.ActiveCfg = Release|Any CPU
		{62E4E5B2-3664-4DB1-944D-DA56B2654F82}.Release|Any CPU.Build.0 = Release|Any CPU
		{10F79934-FB3E-49C5-B926-0F1DA8A596D6}.Debug|Any CPU.ActiveCfg = Debug|Any CPU
		{10F79934-FB3E-49C5-B926-0F1DA8A596D6}.Debug|Any CPU.Build.0 = Debug|Any CPU
		{10F79934-FB3E-49C5-B926-0F1DA8A596D6}.Release|Any CPU.ActiveCfg = Release|Any CPU
		{10F79934-FB3E-49C5-B926-0F1DA8A596D6}.Release|Any CPU.Build.0 = Release|Any CPU
		{4553A67B-47F1-4D9E-9D87-B227F2B485AF}.Debug|Any CPU.ActiveCfg = Debug|Any CPU
		{4553A67B-47F1-4D9E-9D87-B227F2B485AF}.Debug|Any CPU.Build.0 = Debug|Any CPU
		{4553A67B-47F1-4D9E-9D87-B227F2B485AF}.Release|Any CPU.ActiveCfg = Release|Any CPU
		{4553A67B-47F1-4D9E-9D87-B227F2B485AF}.Release|Any CPU.Build.0 = Release|Any CPU
	EndGlobalSection
	GlobalSection(SolutionProperties) = preSolution
		HideSolutionNode = FALSE
	EndGlobalSection
EndGlobal
